
Microsoft Visual Studio Solution File, Format Version 12.00
# Visual Studio Version 16
VisualStudioVersion = 16.0.31424.327
MinimumVisualStudioVersion = 10.0.40219.1
Project("{FAE04EC0-301F-11D3-BF4B-00C04F79EFBC}") = "utilities-cs", "utilities-cs.csproj", "{3981A836-1EC4-469D-8291-588EF7F69708}"
EndProject
Global
	GlobalSection(SolutionConfigurationPlatforms) = preSolution
		Debug|Any CPU = Debug|Any CPU
		Release|Any CPU = Release|Any CPU
	EndGlobalSection
	GlobalSection(ProjectConfigurationPlatforms) = postSolution
		{3981A836-1EC4-469D-8291-588EF7F69708}.Debug|Any CPU.ActiveCfg = Debug|Any CPU
		{3981A836-1EC4-469D-8291-588EF7F69708}.Debug|Any CPU.Build.0 = Debug|Any CPU
		{3981A836-1EC4-469D-8291-588EF7F69708}.Release|Any CPU.ActiveCfg = Release|Any CPU
		{3981A836-1EC4-469D-8291-588EF7F69708}.Release|Any CPU.Build.0 = Release|Any CPU
	EndGlobalSection
	GlobalSection(SolutionProperties) = preSolution
		HideSolutionNode = FALSE
	EndGlobalSection
	GlobalSection(ExtensibilityGlobals) = postSolution
		SolutionGuid = {92EAA8FB-889F-405A-93F2-DF78C50D863A}
	EndGlobalSection
EndGlobal
